// !$*UTF8*$!
{
	archiveVersion = 1;
	classes = {
	};
	objectVersion = 51;
	objects = {

/* Begin PBXBuildFile section */
		9AF74ECE2C70C7C97CFDF844 /* Pods_Reconecta.framework in Frameworks */ = {isa = PBXBuildFile; fileRef = 0E2D195B051601F846A55561 /* Pods_Reconecta.framework */; };
		D7215AFD24146C730098BEEE /* Search.storyboard in Resources */ = {isa = PBXBuildFile; fileRef = D7215AFC24146C730098BEEE /* Search.storyboard */; };
		D7215AFF24146C820098BEEE /* SearchViewController.swift in Sources */ = {isa = PBXBuildFile; fileRef = D7215AFE24146C820098BEEE /* SearchViewController.swift */; };
		D74D18FB24151D8400CBA3FA /* CourseDetailViewController.swift in Sources */ = {isa = PBXBuildFile; fileRef = D74D18FA24151D8400CBA3FA /* CourseDetailViewController.swift */; };
		D74D18FD24151DAC00CBA3FA /* CourseDetail.storyboard in Resources */ = {isa = PBXBuildFile; fileRef = D74D18FC24151DAC00CBA3FA /* CourseDetail.storyboard */; };
		D74D19022415255100CBA3FA /* CourseDetailCell.swift in Sources */ = {isa = PBXBuildFile; fileRef = D74D19002415255100CBA3FA /* CourseDetailCell.swift */; };
		D74D19032415255100CBA3FA /* CourseDetailCell.xib in Resources */ = {isa = PBXBuildFile; fileRef = D74D19012415255100CBA3FA /* CourseDetailCell.xib */; };
		D77C53312414845A00417607 /* Profile.storyboard in Resources */ = {isa = PBXBuildFile; fileRef = D77C53302414845A00417607 /* Profile.storyboard */; };
		D77C53342414857300417607 /* Extensions.swift in Sources */ = {isa = PBXBuildFile; fileRef = D77C53332414857300417607 /* Extensions.swift */; };
		D77C5336241486FF00417607 /* ProfileViewController.swift in Sources */ = {isa = PBXBuildFile; fileRef = D77C5335241486FF00417607 /* ProfileViewController.swift */; };
		D77C533924149CF100417607 /* CourseViewController.swift in Sources */ = {isa = PBXBuildFile; fileRef = D77C533824149CF100417607 /* CourseViewController.swift */; };
		D77C533B24149D0200417607 /* Course.storyboard in Resources */ = {isa = PBXBuildFile; fileRef = D77C533A24149D0200417607 /* Course.storyboard */; };
		D77C533D2414A73D00417607 /* CourseViewModel.swift in Sources */ = {isa = PBXBuildFile; fileRef = D77C533C2414A73D00417607 /* CourseViewModel.swift */; };
		D77C533F2414A8A600417607 /* BaseAPI.swift in Sources */ = {isa = PBXBuildFile; fileRef = D77C533E2414A8A600417607 /* BaseAPI.swift */; };
		D77C53432414BCF500417607 /* CompanyViewController.swift in Sources */ = {isa = PBXBuildFile; fileRef = D77C53422414BCF400417607 /* CompanyViewController.swift */; };
		D77C53452414BD0800417607 /* Company.storyboard in Resources */ = {isa = PBXBuildFile; fileRef = D77C53442414BD0800417607 /* Company.storyboard */; };
		D77C53472414C85500417607 /* HomeViewModel.swift in Sources */ = {isa = PBXBuildFile; fileRef = D77C53462414C85500417607 /* HomeViewModel.swift */; };
		D77C534B2414C89F00417607 /* HomeCell.swift in Sources */ = {isa = PBXBuildFile; fileRef = D77C53492414C89F00417607 /* HomeCell.swift */; };
		D77C534C2414C89F00417607 /* HomeCell.xib in Resources */ = {isa = PBXBuildFile; fileRef = D77C534A2414C89F00417607 /* HomeCell.xib */; };
		D77C534F2415073200417607 /* BaseModel.swift in Sources */ = {isa = PBXBuildFile; fileRef = D77C534E2415073200417607 /* BaseModel.swift */; };
		D77C53512415076500417607 /* Course.swift in Sources */ = {isa = PBXBuildFile; fileRef = D77C53502415076500417607 /* Course.swift */; };
		D798440824144482006A3BCD /* AppDelegate.swift in Sources */ = {isa = PBXBuildFile; fileRef = D798440724144482006A3BCD /* AppDelegate.swift */; };
		D798440A24144482006A3BCD /* SceneDelegate.swift in Sources */ = {isa = PBXBuildFile; fileRef = D798440924144482006A3BCD /* SceneDelegate.swift */; };
		D798441124144484006A3BCD /* Assets.xcassets in Resources */ = {isa = PBXBuildFile; fileRef = D798441024144484006A3BCD /* Assets.xcassets */; };
		D798441424144484006A3BCD /* LaunchScreen.storyboard in Resources */ = {isa = PBXBuildFile; fileRef = D798441224144484006A3BCD /* LaunchScreen.storyboard */; };
		D798441E24144566006A3BCD /* WelcomeViewController.swift in Sources */ = {isa = PBXBuildFile; fileRef = D798441D24144566006A3BCD /* WelcomeViewController.swift */; };
		D79844222414467D006A3BCD /* Welcome.storyboard in Resources */ = {isa = PBXBuildFile; fileRef = D79844212414467D006A3BCD /* Welcome.storyboard */; };
		D7984424241448CE006A3BCD /* LoginViewController.swift in Sources */ = {isa = PBXBuildFile; fileRef = D7984423241448CE006A3BCD /* LoginViewController.swift */; };
		D798442624144918006A3BCD /* Login.storyboard in Resources */ = {isa = PBXBuildFile; fileRef = D798442524144918006A3BCD /* Login.storyboard */; };
		D798442924144CD8006A3BCD /* Home.storyboard in Resources */ = {isa = PBXBuildFile; fileRef = D798442824144CD8006A3BCD /* Home.storyboard */; };
		D798442B24144CE7006A3BCD /* HomeViewController.swift in Sources */ = {isa = PBXBuildFile; fileRef = D798442A24144CE7006A3BCD /* HomeViewController.swift */; };
		D7FAE83D24144F9900C8E4AB /* LoginViewModel.swift in Sources */ = {isa = PBXBuildFile; fileRef = D7FAE83C24144F9900C8E4AB /* LoginViewModel.swift */; };
		D7FAE84224145C2800C8E4AB /* Manager.swift in Sources */ = {isa = PBXBuildFile; fileRef = D7FAE84124145C2800C8E4AB /* Manager.swift */; };
		D7FAE84424145CE800C8E4AB /* Request.swift in Sources */ = {isa = PBXBuildFile; fileRef = D7FAE84324145CE800C8E4AB /* Request.swift */; };
		D7FAE84824145D3100C8E4AB /* ValidateManager.swift in Sources */ = {isa = PBXBuildFile; fileRef = D7FAE84724145D3100C8E4AB /* ValidateManager.swift */; };
/* End PBXBuildFile section */

/* Begin PBXFileReference section */
		0E2D195B051601F846A55561 /* Pods_Reconecta.framework */ = {isa = PBXFileReference; explicitFileType = wrapper.framework; includeInIndex = 0; path = Pods_Reconecta.framework; sourceTree = BUILT_PRODUCTS_DIR; };
		206A9F67AB72DD20B67A4900 /* Pods-Reconecta.debug.xcconfig */ = {isa = PBXFileReference; includeInIndex = 1; lastKnownFileType = text.xcconfig; name = "Pods-Reconecta.debug.xcconfig"; path = "Target Support Files/Pods-Reconecta/Pods-Reconecta.debug.xcconfig"; sourceTree = "<group>"; };
		8CD23F2EE3E84590007BAC4E /* Pods-Reconecta.release.xcconfig */ = {isa = PBXFileReference; includeInIndex = 1; lastKnownFileType = text.xcconfig; name = "Pods-Reconecta.release.xcconfig"; path = "Target Support Files/Pods-Reconecta/Pods-Reconecta.release.xcconfig"; sourceTree = "<group>"; };
		D7215AFC24146C730098BEEE /* Search.storyboard */ = {isa = PBXFileReference; lastKnownFileType = file.storyboard; path = Search.storyboard; sourceTree = "<group>"; };
		D7215AFE24146C820098BEEE /* SearchViewController.swift */ = {isa = PBXFileReference; lastKnownFileType = sourcecode.swift; path = SearchViewController.swift; sourceTree = "<group>"; };
		D74D18FA24151D8400CBA3FA /* CourseDetailViewController.swift */ = {isa = PBXFileReference; lastKnownFileType = sourcecode.swift; path = CourseDetailViewController.swift; sourceTree = "<group>"; };
		D74D18FC24151DAC00CBA3FA /* CourseDetail.storyboard */ = {isa = PBXFileReference; lastKnownFileType = file.storyboard; path = CourseDetail.storyboard; sourceTree = "<group>"; };
		D74D19002415255100CBA3FA /* CourseDetailCell.swift */ = {isa = PBXFileReference; lastKnownFileType = sourcecode.swift; path = CourseDetailCell.swift; sourceTree = "<group>"; };
		D74D19012415255100CBA3FA /* CourseDetailCell.xib */ = {isa = PBXFileReference; lastKnownFileType = file.xib; path = CourseDetailCell.xib; sourceTree = "<group>"; };
		D77C53302414845A00417607 /* Profile.storyboard */ = {isa = PBXFileReference; lastKnownFileType = file.storyboard; path = Profile.storyboard; sourceTree = "<group>"; };
		D77C53332414857300417607 /* Extensions.swift */ = {isa = PBXFileReference; lastKnownFileType = sourcecode.swift; path = Extensions.swift; sourceTree = "<group>"; };
		D77C5335241486FF00417607 /* ProfileViewController.swift */ = {isa = PBXFileReference; lastKnownFileType = sourcecode.swift; path = ProfileViewController.swift; sourceTree = "<group>"; };
		D77C533824149CF100417607 /* CourseViewController.swift */ = {isa = PBXFileReference; lastKnownFileType = sourcecode.swift; path = CourseViewController.swift; sourceTree = "<group>"; };
		D77C533A24149D0200417607 /* Course.storyboard */ = {isa = PBXFileReference; lastKnownFileType = file.storyboard; path = Course.storyboard; sourceTree = "<group>"; };
		D77C533C2414A73D00417607 /* CourseViewModel.swift */ = {isa = PBXFileReference; lastKnownFileType = sourcecode.swift; path = CourseViewModel.swift; sourceTree = "<group>"; };
		D77C533E2414A8A600417607 /* BaseAPI.swift */ = {isa = PBXFileReference; lastKnownFileType = sourcecode.swift; path = BaseAPI.swift; sourceTree = "<group>"; };
		D77C53422414BCF400417607 /* CompanyViewController.swift */ = {isa = PBXFileReference; lastKnownFileType = sourcecode.swift; path = CompanyViewController.swift; sourceTree = "<group>"; };
		D77C53442414BD0800417607 /* Company.storyboard */ = {isa = PBXFileReference; lastKnownFileType = file.storyboard; path = Company.storyboard; sourceTree = "<group>"; };
		D77C53462414C85500417607 /* HomeViewModel.swift */ = {isa = PBXFileReference; lastKnownFileType = sourcecode.swift; path = HomeViewModel.swift; sourceTree = "<group>"; };
		D77C53492414C89F00417607 /* HomeCell.swift */ = {isa = PBXFileReference; lastKnownFileType = sourcecode.swift; path = HomeCell.swift; sourceTree = "<group>"; };
		D77C534A2414C89F00417607 /* HomeCell.xib */ = {isa = PBXFileReference; lastKnownFileType = file.xib; path = HomeCell.xib; sourceTree = "<group>"; };
		D77C534E2415073200417607 /* BaseModel.swift */ = {isa = PBXFileReference; lastKnownFileType = sourcecode.swift; path = BaseModel.swift; sourceTree = "<group>"; };
		D77C53502415076500417607 /* Course.swift */ = {isa = PBXFileReference; lastKnownFileType = sourcecode.swift; path = Course.swift; sourceTree = "<group>"; };
		D798440424144482006A3BCD /* Reconecta.app */ = {isa = PBXFileReference; explicitFileType = wrapper.application; includeInIndex = 0; path = Reconecta.app; sourceTree = BUILT_PRODUCTS_DIR; };
		D798440724144482006A3BCD /* AppDelegate.swift */ = {isa = PBXFileReference; lastKnownFileType = sourcecode.swift; path = AppDelegate.swift; sourceTree = "<group>"; };
		D798440924144482006A3BCD /* SceneDelegate.swift */ = {isa = PBXFileReference; lastKnownFileType = sourcecode.swift; path = SceneDelegate.swift; sourceTree = "<group>"; };
		D798441024144484006A3BCD /* Assets.xcassets */ = {isa = PBXFileReference; lastKnownFileType = folder.assetcatalog; path = Assets.xcassets; sourceTree = "<group>"; };
		D798441324144484006A3BCD /* Base */ = {isa = PBXFileReference; lastKnownFileType = file.storyboard; name = Base; path = Base.lproj/LaunchScreen.storyboard; sourceTree = "<group>"; };
		D798441524144484006A3BCD /* Info.plist */ = {isa = PBXFileReference; lastKnownFileType = text.plist.xml; path = Info.plist; sourceTree = "<group>"; };
		D798441D24144566006A3BCD /* WelcomeViewController.swift */ = {isa = PBXFileReference; lastKnownFileType = sourcecode.swift; path = WelcomeViewController.swift; sourceTree = "<group>"; };
		D79844212414467D006A3BCD /* Welcome.storyboard */ = {isa = PBXFileReference; lastKnownFileType = file.storyboard; path = Welcome.storyboard; sourceTree = "<group>"; };
		D7984423241448CE006A3BCD /* LoginViewController.swift */ = {isa = PBXFileReference; lastKnownFileType = sourcecode.swift; path = LoginViewController.swift; sourceTree = "<group>"; };
		D798442524144918006A3BCD /* Login.storyboard */ = {isa = PBXFileReference; lastKnownFileType = file.storyboard; path = Login.storyboard; sourceTree = "<group>"; };
		D798442824144CD8006A3BCD /* Home.storyboard */ = {isa = PBXFileReference; lastKnownFileType = file.storyboard; path = Home.storyboard; sourceTree = "<group>"; };
		D798442A24144CE7006A3BCD /* HomeViewController.swift */ = {isa = PBXFileReference; lastKnownFileType = sourcecode.swift; path = HomeViewController.swift; sourceTree = "<group>"; };
		D7FAE83C24144F9900C8E4AB /* LoginViewModel.swift */ = {isa = PBXFileReference; lastKnownFileType = sourcecode.swift; path = LoginViewModel.swift; sourceTree = "<group>"; };
		D7FAE84124145C2800C8E4AB /* Manager.swift */ = {isa = PBXFileReference; lastKnownFileType = sourcecode.swift; path = Manager.swift; sourceTree = "<group>"; };
		D7FAE84324145CE800C8E4AB /* Request.swift */ = {isa = PBXFileReference; lastKnownFileType = sourcecode.swift; path = Request.swift; sourceTree = "<group>"; };
		D7FAE84724145D3100C8E4AB /* ValidateManager.swift */ = {isa = PBXFileReference; lastKnownFileType = sourcecode.swift; path = ValidateManager.swift; sourceTree = "<group>"; };
/* End PBXFileReference section */

/* Begin PBXFrameworksBuildPhase section */
		D798440124144482006A3BCD /* Frameworks */ = {
			isa = PBXFrameworksBuildPhase;
			buildActionMask = 2147483647;
			files = (
				9AF74ECE2C70C7C97CFDF844 /* Pods_Reconecta.framework in Frameworks */,
			);
			runOnlyForDeploymentPostprocessing = 0;
		};
/* End PBXFrameworksBuildPhase section */

/* Begin PBXGroup section */
		09CD7B2C4E60E48C08FD61EE /* Frameworks */ = {
			isa = PBXGroup;
			children = (
				0E2D195B051601F846A55561 /* Pods_Reconecta.framework */,
			);
			name = Frameworks;
			sourceTree = "<group>";
		};
		45F7707713DF105076CBA80C /* Pods */ = {
			isa = PBXGroup;
			children = (
				206A9F67AB72DD20B67A4900 /* Pods-Reconecta.debug.xcconfig */,
				8CD23F2EE3E84590007BAC4E /* Pods-Reconecta.release.xcconfig */,
			);
			path = Pods;
			sourceTree = "<group>";
		};
		D7215AFA24146C430098BEEE /* Profile */ = {
			isa = PBXGroup;
			children = (
				D77C53302414845A00417607 /* Profile.storyboard */,
				D77C5335241486FF00417607 /* ProfileViewController.swift */,
			);
			path = Profile;
			sourceTree = "<group>";
		};
		D7215AFB24146C470098BEEE /* Search */ = {
			isa = PBXGroup;
			children = (
				D7215AFC24146C730098BEEE /* Search.storyboard */,
				D7215AFE24146C820098BEEE /* SearchViewController.swift */,
			);
			path = Search;
			sourceTree = "<group>";
		};
		D74D18F924151C3E00CBA3FA /* CourseDetail */ = {
			isa = PBXGroup;
			children = (
				D74D18FF2415252300CBA3FA /* Components */,
				D74D18FA24151D8400CBA3FA /* CourseDetailViewController.swift */,
				D74D18FC24151DAC00CBA3FA /* CourseDetail.storyboard */,
			);
			path = CourseDetail;
			sourceTree = "<group>";
		};
		D74D18FF2415252300CBA3FA /* Components */ = {
			isa = PBXGroup;
			children = (
				D74D19002415255100CBA3FA /* CourseDetailCell.swift */,
				D74D19012415255100CBA3FA /* CourseDetailCell.xib */,
			);
			path = Components;
			sourceTree = "<group>";
		};
		D77C53322414856400417607 /* Extensions */ = {
			isa = PBXGroup;
			children = (
				D77C53332414857300417607 /* Extensions.swift */,
			);
			path = Extensions;
			sourceTree = "<group>";
		};
		D77C533724149CC000417607 /* Course */ = {
			isa = PBXGroup;
			children = (
				D77C533824149CF100417607 /* CourseViewController.swift */,
				D77C533C2414A73D00417607 /* CourseViewModel.swift */,
				D77C533A24149D0200417607 /* Course.storyboard */,
			);
			path = Course;
			sourceTree = "<group>";
		};
		D77C53412414BCDA00417607 /* Company */ = {
			isa = PBXGroup;
			children = (
				D77C53422414BCF400417607 /* CompanyViewController.swift */,
				D77C53442414BD0800417607 /* Company.storyboard */,
			);
			path = Company;
			sourceTree = "<group>";
		};
		D77C53482414C86900417607 /* Components */ = {
			isa = PBXGroup;
			children = (
				D77C53492414C89F00417607 /* HomeCell.swift */,
				D77C534A2414C89F00417607 /* HomeCell.xib */,
			);
			path = Components;
			sourceTree = "<group>";
		};
		D77C534D2415072000417607 /* Model */ = {
			isa = PBXGroup;
			children = (
				D77C534E2415073200417607 /* BaseModel.swift */,
				D77C53502415076500417607 /* Course.swift */,
			);
			path = Model;
			sourceTree = "<group>";
		};
		D79843FB24144482006A3BCD = {
			isa = PBXGroup;
			children = (
				D798440624144482006A3BCD /* Reconecta */,
				D798440524144482006A3BCD /* Products */,
				45F7707713DF105076CBA80C /* Pods */,
				09CD7B2C4E60E48C08FD61EE /* Frameworks */,
			);
			sourceTree = "<group>";
		};
		D798440524144482006A3BCD /* Products */ = {
			isa = PBXGroup;
			children = (
				D798440424144482006A3BCD /* Reconecta.app */,
			);
			name = Products;
			sourceTree = "<group>";
		};
		D798440624144482006A3BCD /* Reconecta */ = {
			isa = PBXGroup;
			children = (
				D77C534D2415072000417607 /* Model */,
				D7FAE84524145D2100C8E4AB /* Utils */,
				D7FAE83F24145BE300C8E4AB /* DataManager */,
				D7FAE83E24145BCF00C8E4AB /* ViewController */,
				D798440724144482006A3BCD /* AppDelegate.swift */,
				D798440924144482006A3BCD /* SceneDelegate.swift */,
				D798441024144484006A3BCD /* Assets.xcassets */,
				D798441224144484006A3BCD /* LaunchScreen.storyboard */,
				D798441524144484006A3BCD /* Info.plist */,
			);
			path = Reconecta;
			sourceTree = "<group>";
		};
		D798441B241444FB006A3BCD /* Welcome */ = {
			isa = PBXGroup;
			children = (
				D798441D24144566006A3BCD /* WelcomeViewController.swift */,
				D79844212414467D006A3BCD /* Welcome.storyboard */,
			);
			path = Welcome;
			sourceTree = "<group>";
		};
		D798441C24144543006A3BCD /* Login */ = {
			isa = PBXGroup;
			children = (
				D7984423241448CE006A3BCD /* LoginViewController.swift */,
				D7FAE83C24144F9900C8E4AB /* LoginViewModel.swift */,
				D798442524144918006A3BCD /* Login.storyboard */,
			);
			path = Login;
			sourceTree = "<group>";
		};
		D798442724144CBC006A3BCD /* Home */ = {
			isa = PBXGroup;
			children = (
				D77C53482414C86900417607 /* Components */,
				D798442824144CD8006A3BCD /* Home.storyboard */,
				D798442A24144CE7006A3BCD /* HomeViewController.swift */,
				D77C53462414C85500417607 /* HomeViewModel.swift */,
			);
			path = Home;
			sourceTree = "<group>";
		};
		D7FAE83E24145BCF00C8E4AB /* ViewController */ = {
			isa = PBXGroup;
			children = (
				D74D18F924151C3E00CBA3FA /* CourseDetail */,
				D798441B241444FB006A3BCD /* Welcome */,
				D798441C24144543006A3BCD /* Login */,
				D798442724144CBC006A3BCD /* Home */,
				D7215AFB24146C470098BEEE /* Search */,
				D7215AFA24146C430098BEEE /* Profile */,
				D77C533724149CC000417607 /* Course */,
				D77C53412414BCDA00417607 /* Company */,
			);
			path = ViewController;
			sourceTree = "<group>";
		};
		D7FAE83F24145BE300C8E4AB /* DataManager */ = {
			isa = PBXGroup;
			children = (
				D7FAE84024145C1C00C8E4AB /* API */,
			);
			path = DataManager;
			sourceTree = "<group>";
		};
		D7FAE84024145C1C00C8E4AB /* API */ = {
			isa = PBXGroup;
			children = (
				D7FAE84124145C2800C8E4AB /* Manager.swift */,
				D7FAE84324145CE800C8E4AB /* Request.swift */,
				D77C533E2414A8A600417607 /* BaseAPI.swift */,
			);
			path = API;
			sourceTree = "<group>";
		};
		D7FAE84524145D2100C8E4AB /* Utils */ = {
			isa = PBXGroup;
			children = (
				D77C53322414856400417607 /* Extensions */,
				D7FAE84624145D2700C8E4AB /* ValidateManager */,
			);
			path = Utils;
			sourceTree = "<group>";
		};
		D7FAE84624145D2700C8E4AB /* ValidateManager */ = {
			isa = PBXGroup;
			children = (
				D7FAE84724145D3100C8E4AB /* ValidateManager.swift */,
			);
			path = ValidateManager;
			sourceTree = "<group>";
		};
/* End PBXGroup section */

/* Begin PBXNativeTarget section */
		D798440324144482006A3BCD /* Reconecta */ = {
			isa = PBXNativeTarget;
			buildConfigurationList = D798441824144484006A3BCD /* Build configuration list for PBXNativeTarget "Reconecta" */;
			buildPhases = (
				3D21DC8CABB01F78452F848D /* [CP] Check Pods Manifest.lock */,
				D798440024144482006A3BCD /* Sources */,
				D798440124144482006A3BCD /* Frameworks */,
				D798440224144482006A3BCD /* Resources */,
				D902A22EC11EBCC72D54EBA4 /* [CP] Embed Pods Frameworks */,
			);
			buildRules = (
			);
			dependencies = (
			);
			name = Reconecta;
			productName = Reconecta;
			productReference = D798440424144482006A3BCD /* Reconecta.app */;
			productType = "com.apple.product-type.application";
		};
/* End PBXNativeTarget section */

/* Begin PBXProject section */
		D79843FC24144482006A3BCD /* Project object */ = {
			isa = PBXProject;
			attributes = {
				LastSwiftUpdateCheck = 1130;
				LastUpgradeCheck = 1130;
				ORGANIZATIONNAME = HackAFRO;
				TargetAttributes = {
					D798440324144482006A3BCD = {
						CreatedOnToolsVersion = 11.3;
					};
				};
			};
			buildConfigurationList = D79843FF24144482006A3BCD /* Build configuration list for PBXProject "Reconecta" */;
			compatibilityVersion = "Xcode 9.3";
			developmentRegion = en;
			hasScannedForEncodings = 0;
			knownRegions = (
				en,
				Base,
			);
			mainGroup = D79843FB24144482006A3BCD;
			productRefGroup = D798440524144482006A3BCD /* Products */;
			projectDirPath = "";
			projectRoot = "";
			targets = (
				D798440324144482006A3BCD /* Reconecta */,
			);
		};
/* End PBXProject section */

/* Begin PBXResourcesBuildPhase section */
		D798440224144482006A3BCD /* Resources */ = {
			isa = PBXResourcesBuildPhase;
			buildActionMask = 2147483647;
			files = (
				D798442624144918006A3BCD /* Login.storyboard in Resources */,
				D74D19032415255100CBA3FA /* CourseDetailCell.xib in Resources */,
				D77C533B24149D0200417607 /* Course.storyboard in Resources */,
				D77C53452414BD0800417607 /* Company.storyboard in Resources */,
				D798442924144CD8006A3BCD /* Home.storyboard in Resources */,
				D77C534C2414C89F00417607 /* HomeCell.xib in Resources */,
				D798441424144484006A3BCD /* LaunchScreen.storyboard in Resources */,
				D798441124144484006A3BCD /* Assets.xcassets in Resources */,
				D7215AFD24146C730098BEEE /* Search.storyboard in Resources */,
				D77C53312414845A00417607 /* Profile.storyboard in Resources */,
				D79844222414467D006A3BCD /* Welcome.storyboard in Resources */,
				D74D18FD24151DAC00CBA3FA /* CourseDetail.storyboard in Resources */,
			);
			runOnlyForDeploymentPostprocessing = 0;
		};
/* End PBXResourcesBuildPhase section */

/* Begin PBXShellScriptBuildPhase section */
		3D21DC8CABB01F78452F848D /* [CP] Check Pods Manifest.lock */ = {
			isa = PBXShellScriptBuildPhase;
			buildActionMask = 2147483647;
			files = (
			);
			inputFileListPaths = (
			);
			inputPaths = (
				"${PODS_PODFILE_DIR_PATH}/Podfile.lock",
				"${PODS_ROOT}/Manifest.lock",
			);
			name = "[CP] Check Pods Manifest.lock";
			outputFileListPaths = (
			);
			outputPaths = (
				"$(DERIVED_FILE_DIR)/Pods-Reconecta-checkManifestLockResult.txt",
			);
			runOnlyForDeploymentPostprocessing = 0;
			shellPath = /bin/sh;
			shellScript = "diff \"${PODS_PODFILE_DIR_PATH}/Podfile.lock\" \"${PODS_ROOT}/Manifest.lock\" > /dev/null\nif [ $? != 0 ] ; then\n    # print error to STDERR\n    echo \"error: The sandbox is not in sync with the Podfile.lock. Run 'pod install' or update your CocoaPods installation.\" >&2\n    exit 1\nfi\n# This output is used by Xcode 'outputs' to avoid re-running this script phase.\necho \"SUCCESS\" > \"${SCRIPT_OUTPUT_FILE_0}\"\n";
			showEnvVarsInLog = 0;
		};
		D902A22EC11EBCC72D54EBA4 /* [CP] Embed Pods Frameworks */ = {
			isa = PBXShellScriptBuildPhase;
			buildActionMask = 2147483647;
			files = (
			);
			inputFileListPaths = (
				"${PODS_ROOT}/Target Support Files/Pods-Reconecta/Pods-Reconecta-frameworks-${CONFIGURATION}-input-files.xcfilelist",
			);
			name = "[CP] Embed Pods Frameworks";
			outputFileListPaths = (
				"${PODS_ROOT}/Target Support Files/Pods-Reconecta/Pods-Reconecta-frameworks-${CONFIGURATION}-output-files.xcfilelist",
			);
			runOnlyForDeploymentPostprocessing = 0;
			shellPath = /bin/sh;
			shellScript = "\"${PODS_ROOT}/Target Support Files/Pods-Reconecta/Pods-Reconecta-frameworks.sh\"\n";
			showEnvVarsInLog = 0;
		};
/* End PBXShellScriptBuildPhase section */

/* Begin PBXSourcesBuildPhase section */
		D798440024144482006A3BCD /* Sources */ = {
			isa = PBXSourcesBuildPhase;
			buildActionMask = 2147483647;
			files = (
				D77C53472414C85500417607 /* HomeViewModel.swift in Sources */,
				D77C533924149CF100417607 /* CourseViewController.swift in Sources */,
				D7215AFF24146C820098BEEE /* SearchViewController.swift in Sources */,
				D798442B24144CE7006A3BCD /* HomeViewController.swift in Sources */,
				D7FAE84824145D3100C8E4AB /* ValidateManager.swift in Sources */,
				D7FAE84424145CE800C8E4AB /* Request.swift in Sources */,
				D7984424241448CE006A3BCD /* LoginViewController.swift in Sources */,
				D7FAE83D24144F9900C8E4AB /* LoginViewModel.swift in Sources */,
				D77C5336241486FF00417607 /* ProfileViewController.swift in Sources */,
				D798440824144482006A3BCD /* AppDelegate.swift in Sources */,
				D77C533F2414A8A600417607 /* BaseAPI.swift in Sources */,
				D74D19022415255100CBA3FA /* CourseDetailCell.swift in Sources */,
				D77C533D2414A73D00417607 /* CourseViewModel.swift in Sources */,
				D77C53512415076500417607 /* Course.swift in Sources */,
				D74D18FB24151D8400CBA3FA /* CourseDetailViewController.swift in Sources */,
				D7FAE84224145C2800C8E4AB /* Manager.swift in Sources */,
				D77C53432414BCF500417607 /* CompanyViewController.swift in Sources */,
				D798440A24144482006A3BCD /* SceneDelegate.swift in Sources */,
				D77C53342414857300417607 /* Extensions.swift in Sources */,
				D77C534F2415073200417607 /* BaseModel.swift in Sources */,
				D77C534B2414C89F00417607 /* HomeCell.swift in Sources */,
				D798441E24144566006A3BCD /* WelcomeViewController.swift in Sources */,
			);
			runOnlyForDeploymentPostprocessing = 0;
		};
/* End PBXSourcesBuildPhase section */

/* Begin PBXVariantGroup section */
		D798441224144484006A3BCD /* LaunchScreen.storyboard */ = {
			isa = PBXVariantGroup;
			children = (
				D798441324144484006A3BCD /* Base */,
			);
			name = LaunchScreen.storyboard;
			sourceTree = "<group>";
		};
/* End PBXVariantGroup section */

/* Begin XCBuildConfiguration section */
		D798441624144484006A3BCD /* Debug */ = {
			isa = XCBuildConfiguration;
			buildSettings = {
				ALWAYS_SEARCH_USER_PATHS = NO;
				CLANG_ANALYZER_NONNULL = YES;
				CLANG_ANALYZER_NUMBER_OBJECT_CONVERSION = YES_AGGRESSIVE;
				CLANG_CXX_LANGUAGE_STANDARD = "gnu++14";
				CLANG_CXX_LIBRARY = "libc++";
				CLANG_ENABLE_MODULES = YES;
				CLANG_ENABLE_OBJC_ARC = YES;
				CLANG_ENABLE_OBJC_WEAK = YES;
				CLANG_WARN_BLOCK_CAPTURE_AUTORELEASING = YES;
				CLANG_WARN_BOOL_CONVERSION = YES;
				CLANG_WARN_COMMA = YES;
				CLANG_WARN_CONSTANT_CONVERSION = YES;
				CLANG_WARN_DEPRECATED_OBJC_IMPLEMENTATIONS = YES;
				CLANG_WARN_DIRECT_OBJC_ISA_USAGE = YES_ERROR;
				CLANG_WARN_DOCUMENTATION_COMMENTS = YES;
				CLANG_WARN_EMPTY_BODY = YES;
				CLANG_WARN_ENUM_CONVERSION = YES;
				CLANG_WARN_INFINITE_RECURSION = YES;
				CLANG_WARN_INT_CONVERSION = YES;
				CLANG_WARN_NON_LITERAL_NULL_CONVERSION = YES;
				CLANG_WARN_OBJC_IMPLICIT_RETAIN_SELF = YES;
				CLANG_WARN_OBJC_LITERAL_CONVERSION = YES;
				CLANG_WARN_OBJC_ROOT_CLASS = YES_ERROR;
				CLANG_WARN_RANGE_LOOP_ANALYSIS = YES;
				CLANG_WARN_STRICT_PROTOTYPES = YES;
				CLANG_WARN_SUSPICIOUS_MOVE = YES;
				CLANG_WARN_UNGUARDED_AVAILABILITY = YES_AGGRESSIVE;
				CLANG_WARN_UNREACHABLE_CODE = YES;
				CLANG_WARN__DUPLICATE_METHOD_MATCH = YES;
				COPY_PHASE_STRIP = NO;
				DEBUG_INFORMATION_FORMAT = dwarf;
				ENABLE_STRICT_OBJC_MSGSEND = YES;
				ENABLE_TESTABILITY = YES;
				GCC_C_LANGUAGE_STANDARD = gnu11;
				GCC_DYNAMIC_NO_PIC = NO;
				GCC_NO_COMMON_BLOCKS = YES;
				GCC_OPTIMIZATION_LEVEL = 0;
				GCC_PREPROCESSOR_DEFINITIONS = (
					"DEBUG=1",
					"$(inherited)",
				);
				GCC_WARN_64_TO_32_BIT_CONVERSION = YES;
				GCC_WARN_ABOUT_RETURN_TYPE = YES_ERROR;
				GCC_WARN_UNDECLARED_SELECTOR = YES;
				GCC_WARN_UNINITIALIZED_AUTOS = YES_AGGRESSIVE;
				GCC_WARN_UNUSED_FUNCTION = YES;
				GCC_WARN_UNUSED_VARIABLE = YES;
				IPHONEOS_DEPLOYMENT_TARGET = 13.2;
				MTL_ENABLE_DEBUG_INFO = INCLUDE_SOURCE;
				MTL_FAST_MATH = YES;
				ONLY_ACTIVE_ARCH = YES;
				SDKROOT = iphoneos;
				SWIFT_ACTIVE_COMPILATION_CONDITIONS = DEBUG;
				SWIFT_OPTIMIZATION_LEVEL = "-Onone";
			};
			name = Debug;
		};
		D798441724144484006A3BCD /* Release */ = {
			isa = XCBuildConfiguration;
			buildSettings = {
				ALWAYS_SEARCH_USER_PATHS = NO;
				CLANG_ANALYZER_NONNULL = YES;
				CLANG_ANALYZER_NUMBER_OBJECT_CONVERSION = YES_AGGRESSIVE;
				CLANG_CXX_LANGUAGE_STANDARD = "gnu++14";
				CLANG_CXX_LIBRARY = "libc++";
				CLANG_ENABLE_MODULES = YES;
				CLANG_ENABLE_OBJC_ARC = YES;
				CLANG_ENABLE_OBJC_WEAK = YES;
				CLANG_WARN_BLOCK_CAPTURE_AUTORELEASING = YES;
				CLANG_WARN_BOOL_CONVERSION = YES;
				CLANG_WARN_COMMA = YES;
				CLANG_WARN_CONSTANT_CONVERSION = YES;
				CLANG_WARN_DEPRECATED_OBJC_IMPLEMENTATIONS = YES;
				CLANG_WARN_DIRECT_OBJC_ISA_USAGE = YES_ERROR;
				CLANG_WARN_DOCUMENTATION_COMMENTS = YES;
				CLANG_WARN_EMPTY_BODY = YES;
				CLANG_WARN_ENUM_CONVERSION = YES;
				CLANG_WARN_INFINITE_RECURSION = YES;
				CLANG_WARN_INT_CONVERSION = YES;
				CLANG_WARN_NON_LITERAL_NULL_CONVERSION = YES;
				CLANG_WARN_OBJC_IMPLICIT_RETAIN_SELF = YES;
				CLANG_WARN_OBJC_LITERAL_CONVERSION = YES;
				CLANG_WARN_OBJC_ROOT_CLASS = YES_ERROR;
				CLANG_WARN_RANGE_LOOP_ANALYSIS = YES;
				CLANG_WARN_STRICT_PROTOTYPES = YES;
				CLANG_WARN_SUSPICIOUS_MOVE = YES;
				CLANG_WARN_UNGUARDED_AVAILABILITY = YES_AGGRESSIVE;
				CLANG_WARN_UNREACHABLE_CODE = YES;
				CLANG_WARN__DUPLICATE_METHOD_MATCH = YES;
				COPY_PHASE_STRIP = NO;
				DEBUG_INFORMATION_FORMAT = "dwarf-with-dsym";
				ENABLE_NS_ASSERTIONS = NO;
				ENABLE_STRICT_OBJC_MSGSEND = YES;
				GCC_C_LANGUAGE_STANDARD = gnu11;
				GCC_NO_COMMON_BLOCKS = YES;
				GCC_WARN_64_TO_32_BIT_CONVERSION = YES;
				GCC_WARN_ABOUT_RETURN_TYPE = YES_ERROR;
				GCC_WARN_UNDECLARED_SELECTOR = YES;
				GCC_WARN_UNINITIALIZED_AUTOS = YES_AGGRESSIVE;
				GCC_WARN_UNUSED_FUNCTION = YES;
				GCC_WARN_UNUSED_VARIABLE = YES;
				IPHONEOS_DEPLOYMENT_TARGET = 13.2;
				MTL_ENABLE_DEBUG_INFO = NO;
				MTL_FAST_MATH = YES;
				SDKROOT = iphoneos;
				SWIFT_COMPILATION_MODE = wholemodule;
				SWIFT_OPTIMIZATION_LEVEL = "-O";
				VALIDATE_PRODUCT = YES;
			};
			name = Release;
		};
		D798441924144484006A3BCD /* Debug */ = {
			isa = XCBuildConfiguration;
			baseConfigurationReference = 206A9F67AB72DD20B67A4900 /* Pods-Reconecta.debug.xcconfig */;
			buildSettings = {
				ASSETCATALOG_COMPILER_APPICON_NAME = AppIcon;
				CODE_SIGN_STYLE = Automatic;
				INFOPLIST_FILE = Reconecta/Info.plist;
				IPHONEOS_DEPLOYMENT_TARGET = 13.1;
				LD_RUNPATH_SEARCH_PATHS = (
					"$(inherited)",
					"@executable_path/Frameworks",
				);
				PRODUCT_BUNDLE_IDENTIFIER = code.ios.sp.Reconecta;
				PRODUCT_NAME = "$(TARGET_NAME)";
				SWIFT_VERSION = 5.0;
				TARGETED_DEVICE_FAMILY = 1;
			};
			name = Debug;
		};
		D798441A24144484006A3BCD /* Release */ = {
			isa = XCBuildConfiguration;
			baseConfigurationReference = 8CD23F2EE3E84590007BAC4E /* Pods-Reconecta.release.xcconfig */;
			buildSettings = {
				ASSETCATALOG_COMPILER_APPICON_NAME = AppIcon;
				CODE_SIGN_STYLE = Automatic;
				INFOPLIST_FILE = Reconecta/Info.plist;
				IPHONEOS_DEPLOYMENT_TARGET = 13.1;
				LD_RUNPATH_SEARCH_PATHS = (
					"$(inherited)",
					"@executable_path/Frameworks",
				);
				PRODUCT_BUNDLE_IDENTIFIER = code.ios.sp.Reconecta;
				PRODUCT_NAME = "$(TARGET_NAME)";
				SWIFT_VERSION = 5.0;
				TARGETED_DEVICE_FAMILY = 1;
			};
			name = Release;
		};
/* End XCBuildConfiguration section */

/* Begin XCConfigurationList section */
		D79843FF24144482006A3BCD /* Build configuration list for PBXProject "Reconecta" */ = {
			isa = XCConfigurationList;
			buildConfigurations = (
				D798441624144484006A3BCD /* Debug */,
				D798441724144484006A3BCD /* Release */,
			);
			defaultConfigurationIsVisible = 0;
			defaultConfigurationName = Release;
		};
		D798441824144484006A3BCD /* Build configuration list for PBXNativeTarget "Reconecta" */ = {
			isa = XCConfigurationList;
			buildConfigurations = (
				D798441924144484006A3BCD /* Debug */,
				D798441A24144484006A3BCD /* Release */,
			);
			defaultConfigurationIsVisible = 0;
			defaultConfigurationName = Release;
		};
/* End XCConfigurationList section */
	};
	rootObject = D79843FC24144482006A3BCD /* Project object */;
}
